
Microsoft Visual Studio Solution File, Format Version 12.00
# Visual Studio Version 17
VisualStudioVersion = 17.7.34221.43
MinimumVisualStudioVersion = 10.0.40219.1
Project("{FAE04EC0-301F-11D3-BF4B-00C04F79EFBC}") = "GA_BubbleSort_MeiliZheng", "GA_BubbleSort_MeiliZheng.csproj", "{939BD6BD-0082-494E-9D3A-35A5899007BA}"
EndProject
Global
	GlobalSection(SolutionConfigurationPlatforms) = preSolution
		Debug|Any CPU = Debug|Any CPU
		Release|Any CPU = Release|Any CPU
	EndGlobalSection
	GlobalSection(ProjectConfigurationPlatforms) = postSolution
		{939BD6BD-0082-494E-9D3A-35A5899007BA}.Debug|Any CPU.ActiveCfg = Debug|Any CPU
		{939BD6BD-0082-494E-9D3A-35A5899007BA}.Debug|Any CPU.Build.0 = Debug|Any CPU
		{939BD6BD-0082-494E-9D3A-35A5899007BA}.Release|Any CPU.ActiveCfg = Release|Any CPU
		{939BD6BD-0082-494E-9D3A-35A5899007BA}.Release|Any CPU.Build.0 = Release|Any CPU
	EndGlobalSection
	GlobalSection(SolutionProperties) = preSolution
		HideSolutionNode = FALSE
	EndGlobalSection
	GlobalSection(ExtensibilityGlobals) = postSolution
		SolutionGuid = {1609418B-C429-4144-8817-2591BE17D6CC}
	EndGlobalSection
EndGlobal
